{
  "requires": true,
  "lockfileVersion": 1,
  "dependencies": {
    "types-registry": {
      "version": "0.1.528",
      "resolved": "https://registry.npmjs.org/types-registry/-/types-registry-0.1.528.tgz",
      "integrity": "sha512-1WzDA/ORVW4SzTjoxn/YDXyuFyg3YVODeyVljPvOC6DvpqPhdnw83tv6EDFTNQ5CfNthW2YMkmKGM8Nc29JshQ=="
    }
  }
}
